
Microsoft Visual Studio Solution File, Format Version 12.00
# Visual Studio Version 16
VisualStudioVersion = 16.0.31410.357
MinimumVisualStudioVersion = 10.0.40219.1
Project("{9A19103F-16F7-4668-BE54-9A1E7A4F7556}") = "IdentityRawExample", "IdentityRawExample\IdentityRawExample.csproj", "{69A33C98-74C8-4FFD-83C4-75403EAE48E0}"
EndProject
Global
	GlobalSection(SolutionConfigurationPlatforms) = preSolution
		Debug|Any CPU = Debug|Any CPU
		Release|Any CPU = Release|Any CPU
	EndGlobalSection
	GlobalSection(ProjectConfigurationPlatforms) = postSolution
		{69A33C98-74C8-4FFD-83C4-75403EAE48E0}.Debug|Any CPU.ActiveCfg = Debug|Any CPU
		{69A33C98-74C8-4FFD-83C4-75403EAE48E0}.Debug|Any CPU.Build.0 = Debug|Any CPU
		{69A33C98-74C8-4FFD-83C4-75403EAE48E0}.Release|Any CPU.ActiveCfg = Release|Any CPU
		{69A33C98-74C8-4FFD-83C4-75403EAE48E0}.Release|Any CPU.Build.0 = Release|Any CPU
	EndGlobalSection
	GlobalSection(SolutionProperties) = preSolution
		HideSolutionNode = FALSE
	EndGlobalSection
	GlobalSection(ExtensibilityGlobals) = postSolution
		SolutionGuid = {8F56BA6B-1FE8-401D-98E6-6A5589592ABC}
	EndGlobalSection
EndGlobal
